
Microsoft Visual Studio Solution File, Format Version 12.00
# Visual Studio 15
VisualStudioVersion = 15.0.28307.136
MinimumVisualStudioVersion = 10.0.40219.1
Project("{FAE04EC0-301F-11D3-BF4B-00C04F79EFBC}") = "DakarRally", "DakarRally\DakarRally.csproj", "{61C948C5-67C4-4A46-8E43-86A849B06185}"
EndProject
Global
	GlobalSection(SolutionConfigurationPlatforms) = preSolution
		Debug|Any CPU = Debug|Any CPU
		Release|Any CPU = Release|Any CPU
	EndGlobalSection
	GlobalSection(ProjectConfigurationPlatforms) = postSolution
		{61C948C5-67C4-4A46-8E43-86A849B06185}.Debug|Any CPU.ActiveCfg = Debug|Any CPU
		{61C948C5-67C4-4A46-8E43-86A849B06185}.Debug|Any CPU.Build.0 = Debug|Any CPU
		{61C948C5-67C4-4A46-8E43-86A849B06185}.Release|Any CPU.ActiveCfg = Release|Any CPU
		{61C948C5-67C4-4A46-8E43-86A849B06185}.Release|Any CPU.Build.0 = Release|Any CPU
	EndGlobalSection
	GlobalSection(SolutionProperties) = preSolution
		HideSolutionNode = FALSE
	EndGlobalSection
	GlobalSection(ExtensibilityGlobals) = postSolution
		SolutionGuid = {EB6F6E11-9994-42F4-98CC-EC16B01B945C}
	EndGlobalSection
EndGlobal
